// !$*UTF8*$!
{
	archiveVersion = 1;
	classes = {
	};
	objectVersion = 55;
	objects = {

/* Begin PBXBuildFile section */
		8D2E05E22810FBCC0029926E /* CloudServiceProtocol.swift in Sources */ = {isa = PBXBuildFile; fileRef = 8D2E05E12810FBCC0029926E /* CloudServiceProtocol.swift */; };
		8D2E05E42810FBE40029926E /* CloudService.swift in Sources */ = {isa = PBXBuildFile; fileRef = 8D2E05E32810FBE40029926E /* CloudService.swift */; };
		8D2E05E72810FD880029926E /* DependencyContainer.swift in Sources */ = {isa = PBXBuildFile; fileRef = 8D2E05E62810FD880029926E /* DependencyContainer.swift */; };
		8D2E05EA28111AE50029926E /* Date+String.swift in Sources */ = {isa = PBXBuildFile; fileRef = 8D2E05E928111AE50029926E /* Date+String.swift */; };
		8D2E05EC28111B100029926E /* AppContant.swift in Sources */ = {isa = PBXBuildFile; fileRef = 8D2E05EB28111B100029926E /* AppContant.swift */; };
		8D3B4C2E2811709400090723 /* HomeScreenViewModelTests.swift in Sources */ = {isa = PBXBuildFile; fileRef = 8D3B4C2D2811709400090723 /* HomeScreenViewModelTests.swift */; };
		8D3B4C31281172F000090723 /* MockCloudService.swift in Sources */ = {isa = PBXBuildFile; fileRef = 8D3B4C30281172F000090723 /* MockCloudService.swift */; };
		8D3B4C332811762F00090723 /* MockDependencyContainer.swift in Sources */ = {isa = PBXBuildFile; fileRef = 8D3B4C322811762F00090723 /* MockDependencyContainer.swift */; };
		8DE23834280FD30C00D7B611 /* AppDelegate.swift in Sources */ = {isa = PBXBuildFile; fileRef = 8DE23833280FD30C00D7B611 /* AppDelegate.swift */; };
		8DE23836280FD30C00D7B611 /* SceneDelegate.swift in Sources */ = {isa = PBXBuildFile; fileRef = 8DE23835280FD30C00D7B611 /* SceneDelegate.swift */; };
		8DE2383B280FD30C00D7B611 /* Main.storyboard in Resources */ = {isa = PBXBuildFile; fileRef = 8DE23839280FD30C00D7B611 /* Main.storyboard */; };
		8DE2383D280FD30D00D7B611 /* Assets.xcassets in Resources */ = {isa = PBXBuildFile; fileRef = 8DE2383C280FD30D00D7B611 /* Assets.xcassets */; };
		8DE23840280FD30D00D7B611 /* LaunchScreen.storyboard in Resources */ = {isa = PBXBuildFile; fileRef = 8DE2383E280FD30D00D7B611 /* LaunchScreen.storyboard */; };
		8DE2384B280FD30D00D7B611 /* NewsAppTests.swift in Sources */ = {isa = PBXBuildFile; fileRef = 8DE2384A280FD30D00D7B611 /* NewsAppTests.swift */; };
		8DE23855280FD30D00D7B611 /* NewsAppUITests.swift in Sources */ = {isa = PBXBuildFile; fileRef = 8DE23854280FD30D00D7B611 /* NewsAppUITests.swift */; };
		8DE23857280FD30D00D7B611 /* NewsAppUITestsLaunchTests.swift in Sources */ = {isa = PBXBuildFile; fileRef = 8DE23856280FD30D00D7B611 /* NewsAppUITestsLaunchTests.swift */; };
		8DE23866280FD84C00D7B611 /* HomeScreenViewController.swift in Sources */ = {isa = PBXBuildFile; fileRef = 8DE23865280FD84C00D7B611 /* HomeScreenViewController.swift */; };
		8DE23868280FD87E00D7B611 /* HomeScreenViewModel.swift in Sources */ = {isa = PBXBuildFile; fileRef = 8DE23867280FD87E00D7B611 /* HomeScreenViewModel.swift */; };
		8DE2386A280FEDC400D7B611 /* DetailNewsViewController.swift in Sources */ = {isa = PBXBuildFile; fileRef = 8DE23869280FEDC400D7B611 /* DetailNewsViewController.swift */; };
		8DE2386C280FEDE000D7B611 /* DetailNewsViewModel.swift in Sources */ = {isa = PBXBuildFile; fileRef = 8DE2386B280FEDE000D7B611 /* DetailNewsViewModel.swift */; };
		8DE2386F280FF12C00D7B611 /* PopularNewsTableViewCell.swift in Sources */ = {isa = PBXBuildFile; fileRef = 8DE2386D280FF12C00D7B611 /* PopularNewsTableViewCell.swift */; };
		8DE23870280FF12C00D7B611 /* PopularNewsTableViewCell.xib in Resources */ = {isa = PBXBuildFile; fileRef = 8DE2386E280FF12C00D7B611 /* PopularNewsTableViewCell.xib */; };
		8DE2387D2810182F00D7B611 /* HeaderCell.swift in Sources */ = {isa = PBXBuildFile; fileRef = 8DE2387C2810182F00D7B611 /* HeaderCell.swift */; };
		8DE2388028101B8E00D7B611 /* TopNewsTableViewCell.swift in Sources */ = {isa = PBXBuildFile; fileRef = 8DE2387E28101B8E00D7B611 /* TopNewsTableViewCell.swift */; };
		8DE2388128101B8E00D7B611 /* TopNewsTableViewCell.xib in Resources */ = {isa = PBXBuildFile; fileRef = 8DE2387F28101B8E00D7B611 /* TopNewsTableViewCell.xib */; };
		8DE238842810395800D7B611 /* WebViewTableViewCell.swift in Sources */ = {isa = PBXBuildFile; fileRef = 8DE238822810395800D7B611 /* WebViewTableViewCell.swift */; };
		8DE238852810395800D7B611 /* WebViewTableViewCell.xib in Resources */ = {isa = PBXBuildFile; fileRef = 8DE238832810395800D7B611 /* WebViewTableViewCell.xib */; };
		8DE2388828103F6500D7B611 /* NewsModel.swift in Sources */ = {isa = PBXBuildFile; fileRef = 8DE2388728103F6500D7B611 /* NewsModel.swift */; };
		8DE2388A2810562300D7B611 /* MockJson.json in Resources */ = {isa = PBXBuildFile; fileRef = 8DE23889281051EC00D7B611 /* MockJson.json */; };
/* End PBXBuildFile section */

/* Begin PBXContainerItemProxy section */
		8DE23847280FD30D00D7B611 /* PBXContainerItemProxy */ = {
			isa = PBXContainerItemProxy;
			containerPortal = 8DE23828280FD30C00D7B611 /* Project object */;
			proxyType = 1;
			remoteGlobalIDString = 8DE2382F280FD30C00D7B611;
			remoteInfo = NewsApp;
		};
		8DE23851280FD30D00D7B611 /* PBXContainerItemProxy */ = {
			isa = PBXContainerItemProxy;
			containerPortal = 8DE23828280FD30C00D7B611 /* Project object */;
			proxyType = 1;
			remoteGlobalIDString = 8DE2382F280FD30C00D7B611;
			remoteInfo = NewsApp;
		};
/* End PBXContainerItemProxy section */

/* Begin PBXFileReference section */
		8D2E05E12810FBCC0029926E /* CloudServiceProtocol.swift */ = {isa = PBXFileReference; lastKnownFileType = sourcecode.swift; path = CloudServiceProtocol.swift; sourceTree = "<group>"; };
		8D2E05E32810FBE40029926E /* CloudService.swift */ = {isa = PBXFileReference; lastKnownFileType = sourcecode.swift; path = CloudService.swift; sourceTree = "<group>"; };
		8D2E05E62810FD880029926E /* DependencyContainer.swift */ = {isa = PBXFileReference; lastKnownFileType = sourcecode.swift; path = DependencyContainer.swift; sourceTree = "<group>"; };
		8D2E05E928111AE50029926E /* Date+String.swift */ = {isa = PBXFileReference; lastKnownFileType = sourcecode.swift; path = "Date+String.swift"; sourceTree = "<group>"; };
		8D2E05EB28111B100029926E /* AppContant.swift */ = {isa = PBXFileReference; lastKnownFileType = sourcecode.swift; path = AppContant.swift; sourceTree = "<group>"; };
		8D3B4C2D2811709400090723 /* HomeScreenViewModelTests.swift */ = {isa = PBXFileReference; lastKnownFileType = sourcecode.swift; path = HomeScreenViewModelTests.swift; sourceTree = "<group>"; };
		8D3B4C30281172F000090723 /* MockCloudService.swift */ = {isa = PBXFileReference; lastKnownFileType = sourcecode.swift; path = MockCloudService.swift; sourceTree = "<group>"; };
		8D3B4C322811762F00090723 /* MockDependencyContainer.swift */ = {isa = PBXFileReference; lastKnownFileType = sourcecode.swift; path = MockDependencyContainer.swift; sourceTree = "<group>"; };
		8DE23830280FD30C00D7B611 /* NewsApp.app */ = {isa = PBXFileReference; explicitFileType = wrapper.application; includeInIndex = 0; path = NewsApp.app; sourceTree = BUILT_PRODUCTS_DIR; };
		8DE23833280FD30C00D7B611 /* AppDelegate.swift */ = {isa = PBXFileReference; lastKnownFileType = sourcecode.swift; path = AppDelegate.swift; sourceTree = "<group>"; };
		8DE23835280FD30C00D7B611 /* SceneDelegate.swift */ = {isa = PBXFileReference; lastKnownFileType = sourcecode.swift; path = SceneDelegate.swift; sourceTree = "<group>"; };
		8DE2383A280FD30C00D7B611 /* Base */ = {isa = PBXFileReference; lastKnownFileType = file.storyboard; name = Base; path = Base.lproj/Main.storyboard; sourceTree = "<group>"; };
		8DE2383C280FD30D00D7B611 /* Assets.xcassets */ = {isa = PBXFileReference; lastKnownFileType = folder.assetcatalog; path = Assets.xcassets; sourceTree = "<group>"; };
		8DE2383F280FD30D00D7B611 /* Base */ = {isa = PBXFileReference; lastKnownFileType = file.storyboard; name = Base; path = Base.lproj/LaunchScreen.storyboard; sourceTree = "<group>"; };
		8DE23841280FD30D00D7B611 /* Info.plist */ = {isa = PBXFileReference; lastKnownFileType = text.plist.xml; path = Info.plist; sourceTree = "<group>"; };
		8DE23846280FD30D00D7B611 /* NewsAppTests.xctest */ = {isa = PBXFileReference; explicitFileType = wrapper.cfbundle; includeInIndex = 0; path = NewsAppTests.xctest; sourceTree = BUILT_PRODUCTS_DIR; };
		8DE2384A280FD30D00D7B611 /* NewsAppTests.swift */ = {isa = PBXFileReference; lastKnownFileType = sourcecode.swift; path = NewsAppTests.swift; sourceTree = "<group>"; };
		8DE23850280FD30D00D7B611 /* NewsAppUITests.xctest */ = {isa = PBXFileReference; explicitFileType = wrapper.cfbundle; includeInIndex = 0; path = NewsAppUITests.xctest; sourceTree = BUILT_PRODUCTS_DIR; };
		8DE23854280FD30D00D7B611 /* NewsAppUITests.swift */ = {isa = PBXFileReference; lastKnownFileType = sourcecode.swift; path = NewsAppUITests.swift; sourceTree = "<group>"; };
		8DE23856280FD30D00D7B611 /* NewsAppUITestsLaunchTests.swift */ = {isa = PBXFileReference; lastKnownFileType = sourcecode.swift; path = NewsAppUITestsLaunchTests.swift; sourceTree = "<group>"; };
		8DE23865280FD84C00D7B611 /* HomeScreenViewController.swift */ = {isa = PBXFileReference; lastKnownFileType = sourcecode.swift; path = HomeScreenViewController.swift; sourceTree = "<group>"; };
		8DE23867280FD87E00D7B611 /* HomeScreenViewModel.swift */ = {isa = PBXFileReference; lastKnownFileType = sourcecode.swift; path = HomeScreenViewModel.swift; sourceTree = "<group>"; };
		8DE23869280FEDC400D7B611 /* DetailNewsViewController.swift */ = {isa = PBXFileReference; lastKnownFileType = sourcecode.swift; path = DetailNewsViewController.swift; sourceTree = "<group>"; };
		8DE2386B280FEDE000D7B611 /* DetailNewsViewModel.swift */ = {isa = PBXFileReference; lastKnownFileType = sourcecode.swift; path = DetailNewsViewModel.swift; sourceTree = "<group>"; };
		8DE2386D280FF12C00D7B611 /* PopularNewsTableViewCell.swift */ = {isa = PBXFileReference; lastKnownFileType = sourcecode.swift; path = PopularNewsTableViewCell.swift; sourceTree = "<group>"; };
		8DE2386E280FF12C00D7B611 /* PopularNewsTableViewCell.xib */ = {isa = PBXFileReference; lastKnownFileType = file.xib; path = PopularNewsTableViewCell.xib; sourceTree = "<group>"; };
		8DE23873280FFAB200D7B611 /* Inter-Regular.ttf */ = {isa = PBXFileReference; lastKnownFileType = file; path = "Inter-Regular.ttf"; sourceTree = "<group>"; };
		8DE23874280FFAB200D7B611 /* Inter-Thin.ttf */ = {isa = PBXFileReference; lastKnownFileType = file; path = "Inter-Thin.ttf"; sourceTree = "<group>"; };
		8DE23875280FFAB200D7B611 /* Inter-Light.ttf */ = {isa = PBXFileReference; lastKnownFileType = file; path = "Inter-Light.ttf"; sourceTree = "<group>"; };
		8DE23876280FFAB200D7B611 /* Inter-Bold.ttf */ = {isa = PBXFileReference; lastKnownFileType = file; path = "Inter-Bold.ttf"; sourceTree = "<group>"; };
		8DE23877280FFAB200D7B611 /* Inter-Medium.ttf */ = {isa = PBXFileReference; lastKnownFileType = file; path = "Inter-Medium.ttf"; sourceTree = "<group>"; };
		8DE23878280FFAB200D7B611 /* Inter-ExtraLight.ttf */ = {isa = PBXFileReference; lastKnownFileType = file; path = "Inter-ExtraLight.ttf"; sourceTree = "<group>"; };
		8DE23879280FFAB200D7B611 /* Inter-Black.ttf */ = {isa = PBXFileReference; lastKnownFileType = file; path = "Inter-Black.ttf"; sourceTree = "<group>"; };
		8DE2387A280FFAB200D7B611 /* Inter-SemiBold.ttf */ = {isa = PBXFileReference; lastKnownFileType = file; path = "Inter-SemiBold.ttf"; sourceTree = "<group>"; };
		8DE2387B280FFAB200D7B611 /* Inter-ExtraBold.ttf */ = {isa = PBXFileReference; lastKnownFileType = file; path = "Inter-ExtraBold.ttf"; sourceTree = "<group>"; };
		8DE2387C2810182F00D7B611 /* HeaderCell.swift */ = {isa = PBXFileReference; lastKnownFileType = sourcecode.swift; path = HeaderCell.swift; sourceTree = "<group>"; };
		8DE2387E28101B8E00D7B611 /* TopNewsTableViewCell.swift */ = {isa = PBXFileReference; lastKnownFileType = sourcecode.swift; path = TopNewsTableViewCell.swift; sourceTree = "<group>"; };
		8DE2387F28101B8E00D7B611 /* TopNewsTableViewCell.xib */ = {isa = PBXFileReference; lastKnownFileType = file.xib; path = TopNewsTableViewCell.xib; sourceTree = "<group>"; };
		8DE238822810395800D7B611 /* WebViewTableViewCell.swift */ = {isa = PBXFileReference; lastKnownFileType = sourcecode.swift; path = WebViewTableViewCell.swift; sourceTree = "<group>"; };
		8DE238832810395800D7B611 /* WebViewTableViewCell.xib */ = {isa = PBXFileReference; lastKnownFileType = file.xib; path = WebViewTableViewCell.xib; sourceTree = "<group>"; };
		8DE2388728103F6500D7B611 /* NewsModel.swift */ = {isa = PBXFileReference; lastKnownFileType = sourcecode.swift; path = NewsModel.swift; sourceTree = "<group>"; };
		8DE23889281051EC00D7B611 /* MockJson.json */ = {isa = PBXFileReference; lastKnownFileType = text.json; path = MockJson.json; sourceTree = "<group>"; };
/* End PBXFileReference section */

/* Begin PBXFrameworksBuildPhase section */
		8DE2382D280FD30C00D7B611 /* Frameworks */ = {
			isa = PBXFrameworksBuildPhase;
			buildActionMask = 2147483647;
			files = (
			);
			runOnlyForDeploymentPostprocessing = 0;
		};
		8DE23843280FD30D00D7B611 /* Frameworks */ = {
			isa = PBXFrameworksBuildPhase;
			buildActionMask = 2147483647;
			files = (
			);
			runOnlyForDeploymentPostprocessing = 0;
		};
		8DE2384D280FD30D00D7B611 /* Frameworks */ = {
			isa = PBXFrameworksBuildPhase;
			buildActionMask = 2147483647;
			files = (
			);
			runOnlyForDeploymentPostprocessing = 0;
		};
/* End PBXFrameworksBuildPhase section */

/* Begin PBXGroup section */
		8D2E05E02810FB9D0029926E /* HttpCommunication */ = {
			isa = PBXGroup;
			children = (
				8D2E05E12810FBCC0029926E /* CloudServiceProtocol.swift */,
				8D2E05E32810FBE40029926E /* CloudService.swift */,
			);
			path = HttpCommunication;
			sourceTree = "<group>";
		};
		8D2E05E52810FD660029926E /* DIP Resolver */ = {
			isa = PBXGroup;
			children = (
				8D2E05E62810FD880029926E /* DependencyContainer.swift */,
			);
			path = "DIP Resolver";
			sourceTree = "<group>";
		};
		8D2E05E828111AD50029926E /* Utility */ = {
			isa = PBXGroup;
			children = (
				8D2E05E928111AE50029926E /* Date+String.swift */,
				8D2E05EB28111B100029926E /* AppContant.swift */,
			);
			path = Utility;
			sourceTree = "<group>";
		};
		8D3B4C2F281172E000090723 /* MockCloud */ = {
			isa = PBXGroup;
			children = (
				8D3B4C30281172F000090723 /* MockCloudService.swift */,
				8D3B4C322811762F00090723 /* MockDependencyContainer.swift */,
			);
			path = MockCloud;
			sourceTree = "<group>";
		};
		8DE23827280FD30C00D7B611 = {
			isa = PBXGroup;
			children = (
				8DE23832280FD30C00D7B611 /* NewsApp */,
				8DE23849280FD30D00D7B611 /* NewsAppTests */,
				8DE23853280FD30D00D7B611 /* NewsAppUITests */,
				8DE23831280FD30C00D7B611 /* Products */,
			);
			sourceTree = "<group>";
		};
		8DE23831280FD30C00D7B611 /* Products */ = {
			isa = PBXGroup;
			children = (
				8DE23830280FD30C00D7B611 /* NewsApp.app */,
				8DE23846280FD30D00D7B611 /* NewsAppTests.xctest */,
				8DE23850280FD30D00D7B611 /* NewsAppUITests.xctest */,
			);
			name = Products;
			sourceTree = "<group>";
		};
		8DE23832280FD30C00D7B611 /* NewsApp */ = {
			isa = PBXGroup;
			children = (
				8D2E05E828111AD50029926E /* Utility */,
				8D2E05E52810FD660029926E /* DIP Resolver */,
				8D2E05E02810FB9D0029926E /* HttpCommunication */,
				8DE238942810633B00D7B611 /* EntryScreen */,
				8DE2388D281062A300D7B611 /* Modules */,
				8DE2388B2810623300D7B611 /* Views */,
				8DE2388628103F4700D7B611 /* Model */,
				8DE23871280FFA6900D7B611 /* Resources */,
				8DE23889281051EC00D7B611 /* MockJson.json */,
				8DE23841280FD30D00D7B611 /* Info.plist */,
			);
			path = NewsApp;
			sourceTree = "<group>";
		};
		8DE23849280FD30D00D7B611 /* NewsAppTests */ = {
			isa = PBXGroup;
			children = (
				8D3B4C2F281172E000090723 /* MockCloud */,
				8DE2384A280FD30D00D7B611 /* NewsAppTests.swift */,
				8D3B4C2D2811709400090723 /* HomeScreenViewModelTests.swift */,
			);
			path = NewsAppTests;
			sourceTree = "<group>";
		};
		8DE23853280FD30D00D7B611 /* NewsAppUITests */ = {
			isa = PBXGroup;
			children = (
				8DE23854280FD30D00D7B611 /* NewsAppUITests.swift */,
				8DE23856280FD30D00D7B611 /* NewsAppUITestsLaunchTests.swift */,
			);
			path = NewsAppUITests;
			sourceTree = "<group>";
		};
		8DE23871280FFA6900D7B611 /* Resources */ = {
			isa = PBXGroup;
			children = (
				8DE238952810636200D7B611 /* Assets */,
				8DE2388C2810628300D7B611 /* StoryBoard */,
				8DE23872280FFA7400D7B611 /* Fonts */,
			);
			path = Resources;
			sourceTree = "<group>";
		};
		8DE23872280FFA7400D7B611 /* Fonts */ = {
			isa = PBXGroup;
			children = (
				8DE23879280FFAB200D7B611 /* Inter-Black.ttf */,
				8DE23876280FFAB200D7B611 /* Inter-Bold.ttf */,
				8DE2387B280FFAB200D7B611 /* Inter-ExtraBold.ttf */,
				8DE23878280FFAB200D7B611 /* Inter-ExtraLight.ttf */,
				8DE23875280FFAB200D7B611 /* Inter-Light.ttf */,
				8DE23877280FFAB200D7B611 /* Inter-Medium.ttf */,
				8DE23873280FFAB200D7B611 /* Inter-Regular.ttf */,
				8DE2387A280FFAB200D7B611 /* Inter-SemiBold.ttf */,
				8DE23874280FFAB200D7B611 /* Inter-Thin.ttf */,
			);
			path = Fonts;
			sourceTree = "<group>";
		};
		8DE2388628103F4700D7B611 /* Model */ = {
			isa = PBXGroup;
			children = (
				8DE2388728103F6500D7B611 /* NewsModel.swift */,
			);
			path = Model;
			sourceTree = "<group>";
		};
		8DE2388B2810623300D7B611 /* Views */ = {
			isa = PBXGroup;
			children = (
				8DE2387E28101B8E00D7B611 /* TopNewsTableViewCell.swift */,
				8DE2387F28101B8E00D7B611 /* TopNewsTableViewCell.xib */,
				8DE238822810395800D7B611 /* WebViewTableViewCell.swift */,
				8DE238832810395800D7B611 /* WebViewTableViewCell.xib */,
				8DE2386D280FF12C00D7B611 /* PopularNewsTableViewCell.swift */,
				8DE2386E280FF12C00D7B611 /* PopularNewsTableViewCell.xib */,
				8DE2387C2810182F00D7B611 /* HeaderCell.swift */,
			);
			path = Views;
			sourceTree = "<group>";
		};
		8DE2388C2810628300D7B611 /* StoryBoard */ = {
			isa = PBXGroup;
			children = (
				8DE2383E280FD30D00D7B611 /* LaunchScreen.storyboard */,
				8DE23839280FD30C00D7B611 /* Main.storyboard */,
			);
			path = StoryBoard;
			sourceTree = "<group>";
		};
		8DE2388D281062A300D7B611 /* Modules */ = {
			isa = PBXGroup;
			children = (
				8DE2388E281062C800D7B611 /* MainView */,
				8DE238912810630D00D7B611 /* DetailView */,
			);
			path = Modules;
			sourceTree = "<group>";
		};
		8DE2388E281062C800D7B611 /* MainView */ = {
			isa = PBXGroup;
			children = (
				8DE23890281062E700D7B611 /* ViewModel */,
				8DE2388F281062D800D7B611 /* ViewController */,
			);
			path = MainView;
			sourceTree = "<group>";
		};
		8DE2388F281062D800D7B611 /* ViewController */ = {
			isa = PBXGroup;
			children = (
				8DE23865280FD84C00D7B611 /* HomeScreenViewController.swift */,
			);
			path = ViewController;
			sourceTree = "<group>";
		};
		8DE23890281062E700D7B611 /* ViewModel */ = {
			isa = PBXGroup;
			children = (
				8DE23867280FD87E00D7B611 /* HomeScreenViewModel.swift */,
			);
			path = ViewModel;
			sourceTree = "<group>";
		};
		8DE238912810630D00D7B611 /* DetailView */ = {
			isa = PBXGroup;
			children = (
				8DE238932810632700D7B611 /* ViewModel */,
				8DE238922810631800D7B611 /* ViewController */,
			);
			path = DetailView;
			sourceTree = "<group>";
		};
		8DE238922810631800D7B611 /* ViewController */ = {
			isa = PBXGroup;
			children = (
				8DE23869280FEDC400D7B611 /* DetailNewsViewController.swift */,
			);
			path = ViewController;
			sourceTree = "<group>";
		};
		8DE238932810632700D7B611 /* ViewModel */ = {
			isa = PBXGroup;
			children = (
				8DE2386B280FEDE000D7B611 /* DetailNewsViewModel.swift */,
			);
			path = ViewModel;
			sourceTree = "<group>";
		};
		8DE238942810633B00D7B611 /* EntryScreen */ = {
			isa = PBXGroup;
			children = (
				8DE23833280FD30C00D7B611 /* AppDelegate.swift */,
				8DE23835280FD30C00D7B611 /* SceneDelegate.swift */,
			);
			path = EntryScreen;
			sourceTree = "<group>";
		};
		8DE238952810636200D7B611 /* Assets */ = {
			isa = PBXGroup;
			children = (
				8DE2383C280FD30D00D7B611 /* Assets.xcassets */,
			);
			path = Assets;
			sourceTree = "<group>";
		};
/* End PBXGroup section */

/* Begin PBXNativeTarget section */
		8DE2382F280FD30C00D7B611 /* NewsApp */ = {
			isa = PBXNativeTarget;
			buildConfigurationList = 8DE2385A280FD30D00D7B611 /* Build configuration list for PBXNativeTarget "NewsApp" */;
			buildPhases = (
				8DE2382C280FD30C00D7B611 /* Sources */,
				8DE2382D280FD30C00D7B611 /* Frameworks */,
				8DE2382E280FD30C00D7B611 /* Resources */,
			);
			buildRules = (
			);
			dependencies = (
			);
			name = NewsApp;
			productName = NewsApp;
			productReference = 8DE23830280FD30C00D7B611 /* NewsApp.app */;
			productType = "com.apple.product-type.application";
		};
		8DE23845280FD30D00D7B611 /* NewsAppTests */ = {
			isa = PBXNativeTarget;
			buildConfigurationList = 8DE2385D280FD30D00D7B611 /* Build configuration list for PBXNativeTarget "NewsAppTests" */;
			buildPhases = (
				8DE23842280FD30D00D7B611 /* Sources */,
				8DE23843280FD30D00D7B611 /* Frameworks */,
				8DE23844280FD30D00D7B611 /* Resources */,
			);
			buildRules = (
			);
			dependencies = (
				8DE23848280FD30D00D7B611 /* PBXTargetDependency */,
			);
			name = NewsAppTests;
			productName = NewsAppTests;
			productReference = 8DE23846280FD30D00D7B611 /* NewsAppTests.xctest */;
			productType = "com.apple.product-type.bundle.unit-test";
		};
		8DE2384F280FD30D00D7B611 /* NewsAppUITests */ = {
			isa = PBXNativeTarget;
			buildConfigurationList = 8DE23860280FD30D00D7B611 /* Build configuration list for PBXNativeTarget "NewsAppUITests" */;
			buildPhases = (
				8DE2384C280FD30D00D7B611 /* Sources */,
				8DE2384D280FD30D00D7B611 /* Frameworks */,
				8DE2384E280FD30D00D7B611 /* Resources */,
			);
			buildRules = (
			);
			dependencies = (
				8DE23852280FD30D00D7B611 /* PBXTargetDependency */,
			);
			name = NewsAppUITests;
			productName = NewsAppUITests;
			productReference = 8DE23850280FD30D00D7B611 /* NewsAppUITests.xctest */;
			productType = "com.apple.product-type.bundle.ui-testing";
		};
/* End PBXNativeTarget section */

/* Begin PBXProject section */
		8DE23828280FD30C00D7B611 /* Project object */ = {
			isa = PBXProject;
			attributes = {
				BuildIndependentTargetsInParallel = 1;
				LastSwiftUpdateCheck = 1320;
				LastUpgradeCheck = 1320;
				TargetAttributes = {
					8DE2382F280FD30C00D7B611 = {
						CreatedOnToolsVersion = 13.2.1;
					};
					8DE23845280FD30D00D7B611 = {
						CreatedOnToolsVersion = 13.2.1;
						TestTargetID = 8DE2382F280FD30C00D7B611;
					};
					8DE2384F280FD30D00D7B611 = {
						CreatedOnToolsVersion = 13.2.1;
						TestTargetID = 8DE2382F280FD30C00D7B611;
					};
				};
			};
			buildConfigurationList = 8DE2382B280FD30C00D7B611 /* Build configuration list for PBXProject "NewsApp" */;
			compatibilityVersion = "Xcode 13.0";
			developmentRegion = en;
			hasScannedForEncodings = 0;
			knownRegions = (
				en,
				Base,
			);
			mainGroup = 8DE23827280FD30C00D7B611;
			productRefGroup = 8DE23831280FD30C00D7B611 /* Products */;
			projectDirPath = "";
			projectRoot = "";
			targets = (
				8DE2382F280FD30C00D7B611 /* NewsApp */,
				8DE23845280FD30D00D7B611 /* NewsAppTests */,
				8DE2384F280FD30D00D7B611 /* NewsAppUITests */,
			);
		};
/* End PBXProject section */

/* Begin PBXResourcesBuildPhase section */
		8DE2382E280FD30C00D7B611 /* Resources */ = {
			isa = PBXResourcesBuildPhase;
			buildActionMask = 2147483647;
			files = (
				8DE23870280FF12C00D7B611 /* PopularNewsTableViewCell.xib in Resources */,
				8DE238852810395800D7B611 /* WebViewTableViewCell.xib in Resources */,
				8DE2388A2810562300D7B611 /* MockJson.json in Resources */,
				8DE23840280FD30D00D7B611 /* LaunchScreen.storyboard in Resources */,
				8DE2383D280FD30D00D7B611 /* Assets.xcassets in Resources */,
				8DE2383B280FD30C00D7B611 /* Main.storyboard in Resources */,
				8DE2388128101B8E00D7B611 /* TopNewsTableViewCell.xib in Resources */,
			);
			runOnlyForDeploymentPostprocessing = 0;
		};
		8DE23844280FD30D00D7B611 /* Resources */ = {
			isa = PBXResourcesBuildPhase;
			buildActionMask = 2147483647;
			files = (
			);
			runOnlyForDeploymentPostprocessing = 0;
		};
		8DE2384E280FD30D00D7B611 /* Resources */ = {
			isa = PBXResourcesBuildPhase;
			buildActionMask = 2147483647;
			files = (
			);
			runOnlyForDeploymentPostprocessing = 0;
		};
/* End PBXResourcesBuildPhase section */

/* Begin PBXSourcesBuildPhase section */
		8DE2382C280FD30C00D7B611 /* Sources */ = {
			isa = PBXSourcesBuildPhase;
			buildActionMask = 2147483647;
			files = (
				8D2E05E72810FD880029926E /* DependencyContainer.swift in Sources */,
				8DE2388028101B8E00D7B611 /* TopNewsTableViewCell.swift in Sources */,
				8D2E05E42810FBE40029926E /* CloudService.swift in Sources */,
				8D2E05EC28111B100029926E /* AppContant.swift in Sources */,
				8DE238842810395800D7B611 /* WebViewTableViewCell.swift in Sources */,
				8DE23868280FD87E00D7B611 /* HomeScreenViewModel.swift in Sources */,
				8DE23834280FD30C00D7B611 /* AppDelegate.swift in Sources */,
				8DE23836280FD30C00D7B611 /* SceneDelegate.swift in Sources */,
				8DE23866280FD84C00D7B611 /* HomeScreenViewController.swift in Sources */,
				8D2E05EA28111AE50029926E /* Date+String.swift in Sources */,
				8DE2387D2810182F00D7B611 /* HeaderCell.swift in Sources */,
				8DE2388828103F6500D7B611 /* NewsModel.swift in Sources */,
				8DE2386C280FEDE000D7B611 /* DetailNewsViewModel.swift in Sources */,
				8DE2386F280FF12C00D7B611 /* PopularNewsTableViewCell.swift in Sources */,
				8DE2386A280FEDC400D7B611 /* DetailNewsViewController.swift in Sources */,
				8D2E05E22810FBCC0029926E /* CloudServiceProtocol.swift in Sources */,
			);
			runOnlyForDeploymentPostprocessing = 0;
		};
		8DE23842280FD30D00D7B611 /* Sources */ = {
			isa = PBXSourcesBuildPhase;
			buildActionMask = 2147483647;
			files = (
				8D3B4C332811762F00090723 /* MockDependencyContainer.swift in Sources */,
				8DE2384B280FD30D00D7B611 /* NewsAppTests.swift in Sources */,
				8D3B4C31281172F000090723 /* MockCloudService.swift in Sources */,
				8D3B4C2E2811709400090723 /* HomeScreenViewModelTests.swift in Sources */,
			);
			runOnlyForDeploymentPostprocessing = 0;
		};
		8DE2384C280FD30D00D7B611 /* Sources */ = {
			isa = PBXSourcesBuildPhase;
			buildActionMask = 2147483647;
			files = (
				8DE23855280FD30D00D7B611 /* NewsAppUITests.swift in Sources */,
				8DE23857280FD30D00D7B611 /* NewsAppUITestsLaunchTests.swift in Sources */,
			);
			runOnlyForDeploymentPostprocessing = 0;
		};
/* End PBXSourcesBuildPhase section */

/* Begin PBXTargetDependency section */
		8DE23848280FD30D00D7B611 /* PBXTargetDependency */ = {
			isa = PBXTargetDependency;
			target = 8DE2382F280FD30C00D7B611 /* NewsApp */;
			targetProxy = 8DE23847280FD30D00D7B611 /* PBXContainerItemProxy */;
		};
		8DE23852280FD30D00D7B611 /* PBXTargetDependency */ = {
			isa = PBXTargetDependency;
			target = 8DE2382F280FD30C00D7B611 /* NewsApp */;
			targetProxy = 8DE23851280FD30D00D7B611 /* PBXContainerItemProxy */;
		};
/* End PBXTargetDependency section */

/* Begin PBXVariantGroup section */
		8DE23839280FD30C00D7B611 /* Main.storyboard */ = {
			isa = PBXVariantGroup;
			children = (
				8DE2383A280FD30C00D7B611 /* Base */,
			);
			name = Main.storyboard;
			sourceTree = "<group>";
		};
		8DE2383E280FD30D00D7B611 /* LaunchScreen.storyboard */ = {
			isa = PBXVariantGroup;
			children = (
				8DE2383F280FD30D00D7B611 /* Base */,
			);
			name = LaunchScreen.storyboard;
			sourceTree = "<group>";
		};
/* End PBXVariantGroup section */

/* Begin XCBuildConfiguration section */
		8DE23858280FD30D00D7B611 /* Debug */ = {
			isa = XCBuildConfiguration;
			buildSettings = {
				ALWAYS_SEARCH_USER_PATHS = NO;
				CLANG_ANALYZER_NONNULL = YES;
				CLANG_ANALYZER_NUMBER_OBJECT_CONVERSION = YES_AGGRESSIVE;
				CLANG_CXX_LANGUAGE_STANDARD = "gnu++17";
				CLANG_CXX_LIBRARY = "libc++";
				CLANG_ENABLE_MODULES = YES;
				CLANG_ENABLE_OBJC_ARC = YES;
				CLANG_ENABLE_OBJC_WEAK = YES;
				CLANG_WARN_BLOCK_CAPTURE_AUTORELEASING = YES;
				CLANG_WARN_BOOL_CONVERSION = YES;
				CLANG_WARN_COMMA = YES;
				CLANG_WARN_CONSTANT_CONVERSION = YES;
				CLANG_WARN_DEPRECATED_OBJC_IMPLEMENTATIONS = YES;
				CLANG_WARN_DIRECT_OBJC_ISA_USAGE = YES_ERROR;
				CLANG_WARN_DOCUMENTATION_COMMENTS = YES;
				CLANG_WARN_EMPTY_BODY = YES;
				CLANG_WARN_ENUM_CONVERSION = YES;
				CLANG_WARN_INFINITE_RECURSION = YES;
				CLANG_WARN_INT_CONVERSION = YES;
				CLANG_WARN_NON_LITERAL_NULL_CONVERSION = YES;
				CLANG_WARN_OBJC_IMPLICIT_RETAIN_SELF = YES;
				CLANG_WARN_OBJC_LITERAL_CONVERSION = YES;
				CLANG_WARN_OBJC_ROOT_CLASS = YES_ERROR;
				CLANG_WARN_QUOTED_INCLUDE_IN_FRAMEWORK_HEADER = YES;
				CLANG_WARN_RANGE_LOOP_ANALYSIS = YES;
				CLANG_WARN_STRICT_PROTOTYPES = YES;
				CLANG_WARN_SUSPICIOUS_MOVE = YES;
				CLANG_WARN_UNGUARDED_AVAILABILITY = YES_AGGRESSIVE;
				CLANG_WARN_UNREACHABLE_CODE = YES;
				CLANG_WARN__DUPLICATE_METHOD_MATCH = YES;
				COPY_PHASE_STRIP = NO;
				DEBUG_INFORMATION_FORMAT = dwarf;
				ENABLE_STRICT_OBJC_MSGSEND = YES;
				ENABLE_TESTABILITY = YES;
				GCC_C_LANGUAGE_STANDARD = gnu11;
				GCC_DYNAMIC_NO_PIC = NO;
				GCC_NO_COMMON_BLOCKS = YES;
				GCC_OPTIMIZATION_LEVEL = 0;
				GCC_PREPROCESSOR_DEFINITIONS = (
					"DEBUG=1",
					"$(inherited)",
				);
				GCC_WARN_64_TO_32_BIT_CONVERSION = YES;
				GCC_WARN_ABOUT_RETURN_TYPE = YES_ERROR;
				GCC_WARN_UNDECLARED_SELECTOR = YES;
				GCC_WARN_UNINITIALIZED_AUTOS = YES_AGGRESSIVE;
				GCC_WARN_UNUSED_FUNCTION = YES;
				GCC_WARN_UNUSED_VARIABLE = YES;
				IPHONEOS_DEPLOYMENT_TARGET = 15.2;
				MTL_ENABLE_DEBUG_INFO = INCLUDE_SOURCE;
				MTL_FAST_MATH = YES;
				ONLY_ACTIVE_ARCH = YES;
				SDKROOT = iphoneos;
				SWIFT_ACTIVE_COMPILATION_CONDITIONS = DEBUG;
				SWIFT_OPTIMIZATION_LEVEL = "-Onone";
			};
			name = Debug;
		};
		8DE23859280FD30D00D7B611 /* Release */ = {
			isa = XCBuildConfiguration;
			buildSettings = {
				ALWAYS_SEARCH_USER_PATHS = NO;
				CLANG_ANALYZER_NONNULL = YES;
				CLANG_ANALYZER_NUMBER_OBJECT_CONVERSION = YES_AGGRESSIVE;
				CLANG_CXX_LANGUAGE_STANDARD = "gnu++17";
				CLANG_CXX_LIBRARY = "libc++";
				CLANG_ENABLE_MODULES = YES;
				CLANG_ENABLE_OBJC_ARC = YES;
				CLANG_ENABLE_OBJC_WEAK = YES;
				CLANG_WARN_BLOCK_CAPTURE_AUTORELEASING = YES;
				CLANG_WARN_BOOL_CONVERSION = YES;
				CLANG_WARN_COMMA = YES;
				CLANG_WARN_CONSTANT_CONVERSION = YES;
				CLANG_WARN_DEPRECATED_OBJC_IMPLEMENTATIONS = YES;
				CLANG_WARN_DIRECT_OBJC_ISA_USAGE = YES_ERROR;
				CLANG_WARN_DOCUMENTATION_COMMENTS = YES;
				CLANG_WARN_EMPTY_BODY = YES;
				CLANG_WARN_ENUM_CONVERSION = YES;
				CLANG_WARN_INFINITE_RECURSION = YES;
				CLANG_WARN_INT_CONVERSION = YES;
				CLANG_WARN_NON_LITERAL_NULL_CONVERSION = YES;
				CLANG_WARN_OBJC_IMPLICIT_RETAIN_SELF = YES;
				CLANG_WARN_OBJC_LITERAL_CONVERSION = YES;
				CLANG_WARN_OBJC_ROOT_CLASS = YES_ERROR;
				CLANG_WARN_QUOTED_INCLUDE_IN_FRAMEWORK_HEADER = YES;
				CLANG_WARN_RANGE_LOOP_ANALYSIS = YES;
				CLANG_WARN_STRICT_PROTOTYPES = YES;
				CLANG_WARN_SUSPICIOUS_MOVE = YES;
				CLANG_WARN_UNGUARDED_AVAILABILITY = YES_AGGRESSIVE;
				CLANG_WARN_UNREACHABLE_CODE = YES;
				CLANG_WARN__DUPLICATE_METHOD_MATCH = YES;
				COPY_PHASE_STRIP = NO;
				DEBUG_INFORMATION_FORMAT = "dwarf-with-dsym";
				ENABLE_NS_ASSERTIONS = NO;
				ENABLE_STRICT_OBJC_MSGSEND = YES;
				GCC_C_LANGUAGE_STANDARD = gnu11;
				GCC_NO_COMMON_BLOCKS = YES;
				GCC_WARN_64_TO_32_BIT_CONVERSION = YES;
				GCC_WARN_ABOUT_RETURN_TYPE = YES_ERROR;
				GCC_WARN_UNDECLARED_SELECTOR = YES;
				GCC_WARN_UNINITIALIZED_AUTOS = YES_AGGRESSIVE;
				GCC_WARN_UNUSED_FUNCTION = YES;
				GCC_WARN_UNUSED_VARIABLE = YES;
				IPHONEOS_DEPLOYMENT_TARGET = 15.2;
				MTL_ENABLE_DEBUG_INFO = NO;
				MTL_FAST_MATH = YES;
				SDKROOT = iphoneos;
				SWIFT_COMPILATION_MODE = wholemodule;
				SWIFT_OPTIMIZATION_LEVEL = "-O";
				VALIDATE_PRODUCT = YES;
			};
			name = Release;
		};
		8DE2385B280FD30D00D7B611 /* Debug */ = {
			isa = XCBuildConfiguration;
			buildSettings = {
				ASSETCATALOG_COMPILER_APPICON_NAME = AppIcon;
				ASSETCATALOG_COMPILER_GLOBAL_ACCENT_COLOR_NAME = AccentColor;
				CODE_SIGN_STYLE = Automatic;
				CURRENT_PROJECT_VERSION = 1;
				GENERATE_INFOPLIST_FILE = YES;
				INFOPLIST_FILE = NewsApp/Info.plist;
				INFOPLIST_KEY_UIApplicationSupportsIndirectInputEvents = YES;
				INFOPLIST_KEY_UILaunchStoryboardName = LaunchScreen;
				INFOPLIST_KEY_UIMainStoryboardFile = Main;
				INFOPLIST_KEY_UISupportedInterfaceOrientations_iPad = "UIInterfaceOrientationPortrait UIInterfaceOrientationPortraitUpsideDown UIInterfaceOrientationLandscapeLeft UIInterfaceOrientationLandscapeRight";
				INFOPLIST_KEY_UISupportedInterfaceOrientations_iPhone = "UIInterfaceOrientationPortrait UIInterfaceOrientationLandscapeLeft UIInterfaceOrientationLandscapeRight";
				LD_RUNPATH_SEARCH_PATHS = (
					"$(inherited)",
					"@executable_path/Frameworks",
				);
				MARKETING_VERSION = 1.0;
				PRODUCT_BUNDLE_IDENTIFIER = com.news.Robosoft.com.NewsApp;
				PRODUCT_NAME = "$(TARGET_NAME)";
				SWIFT_EMIT_LOC_STRINGS = YES;
				SWIFT_VERSION = 5.0;
				TARGETED_DEVICE_FAMILY = "1,2";
			};
			name = Debug;
		};
		8DE2385C280FD30D00D7B611 /* Release */ = {
			isa = XCBuildConfiguration;
			buildSettings = {
				ASSETCATALOG_COMPILER_APPICON_NAME = AppIcon;
				ASSETCATALOG_COMPILER_GLOBAL_ACCENT_COLOR_NAME = AccentColor;
				CODE_SIGN_STYLE = Automatic;
				CURRENT_PROJECT_VERSION = 1;
				GENERATE_INFOPLIST_FILE = YES;
				INFOPLIST_FILE = NewsApp/Info.plist;
				INFOPLIST_KEY_UIApplicationSupportsIndirectInputEvents = YES;
				INFOPLIST_KEY_UILaunchStoryboardName = LaunchScreen;
				INFOPLIST_KEY_UIMainStoryboardFile = Main;
				INFOPLIST_KEY_UISupportedInterfaceOrientations_iPad = "UIInterfaceOrientationPortrait UIInterfaceOrientationPortraitUpsideDown UIInterfaceOrientationLandscapeLeft UIInterfaceOrientationLandscapeRight";
				INFOPLIST_KEY_UISupportedInterfaceOrientations_iPhone = "UIInterfaceOrientationPortrait UIInterfaceOrientationLandscapeLeft UIInterfaceOrientationLandscapeRight";
				LD_RUNPATH_SEARCH_PATHS = (
					"$(inherited)",
					"@executable_path/Frameworks",
				);
				MARKETING_VERSION = 1.0;
				PRODUCT_BUNDLE_IDENTIFIER = com.news.Robosoft.com.NewsApp;
				PRODUCT_NAME = "$(TARGET_NAME)";
				SWIFT_EMIT_LOC_STRINGS = YES;
				SWIFT_VERSION = 5.0;
				TARGETED_DEVICE_FAMILY = "1,2";
			};
			name = Release;
		};
		8DE2385E280FD30D00D7B611 /* Debug */ = {
			isa = XCBuildConfiguration;
			buildSettings = {
				ALWAYS_EMBED_SWIFT_STANDARD_LIBRARIES = YES;
				BUNDLE_LOADER = "$(TEST_HOST)";
				CODE_SIGN_STYLE = Automatic;
				CURRENT_PROJECT_VERSION = 1;
				GENERATE_INFOPLIST_FILE = YES;
				IPHONEOS_DEPLOYMENT_TARGET = 15.2;
				MARKETING_VERSION = 1.0;
				PRODUCT_BUNDLE_IDENTIFIER = com.news.Robosoft.com.NewsAppTests;
				PRODUCT_NAME = "$(TARGET_NAME)";
				SWIFT_EMIT_LOC_STRINGS = NO;
				SWIFT_VERSION = 5.0;
				TARGETED_DEVICE_FAMILY = "1,2";
				TEST_HOST = "$(BUILT_PRODUCTS_DIR)/NewsApp.app/NewsApp";
			};
			name = Debug;
		};
		8DE2385F280FD30D00D7B611 /* Release */ = {
			isa = XCBuildConfiguration;
			buildSettings = {
				ALWAYS_EMBED_SWIFT_STANDARD_LIBRARIES = YES;
				BUNDLE_LOADER = "$(TEST_HOST)";
				CODE_SIGN_STYLE = Automatic;
				CURRENT_PROJECT_VERSION = 1;
				GENERATE_INFOPLIST_FILE = YES;
				IPHONEOS_DEPLOYMENT_TARGET = 15.2;
				MARKETING_VERSION = 1.0;
				PRODUCT_BUNDLE_IDENTIFIER = com.news.Robosoft.com.NewsAppTests;
				PRODUCT_NAME = "$(TARGET_NAME)";
				SWIFT_EMIT_LOC_STRINGS = NO;
				SWIFT_VERSION = 5.0;
				TARGETED_DEVICE_FAMILY = "1,2";
				TEST_HOST = "$(BUILT_PRODUCTS_DIR)/NewsApp.app/NewsApp";
			};
			name = Release;
		};
		8DE23861280FD30D00D7B611 /* Debug */ = {
			isa = XCBuildConfiguration;
			buildSettings = {
				ALWAYS_EMBED_SWIFT_STANDARD_LIBRARIES = YES;
				CODE_SIGN_STYLE = Automatic;
				CURRENT_PROJECT_VERSION = 1;
				GENERATE_INFOPLIST_FILE = YES;
				MARKETING_VERSION = 1.0;
				PRODUCT_BUNDLE_IDENTIFIER = com.news.Robosoft.com.NewsAppUITests;
				PRODUCT_NAME = "$(TARGET_NAME)";
				SWIFT_EMIT_LOC_STRINGS = NO;
				SWIFT_VERSION = 5.0;
				TARGETED_DEVICE_FAMILY = "1,2";
				TEST_TARGET_NAME = NewsApp;
			};
			name = Debug;
		};
		8DE23862280FD30D00D7B611 /* Release */ = {
			isa = XCBuildConfiguration;
			buildSettings = {
				ALWAYS_EMBED_SWIFT_STANDARD_LIBRARIES = YES;
				CODE_SIGN_STYLE = Automatic;
				CURRENT_PROJECT_VERSION = 1;
				GENERATE_INFOPLIST_FILE = YES;
				MARKETING_VERSION = 1.0;
				PRODUCT_BUNDLE_IDENTIFIER = com.news.Robosoft.com.NewsAppUITests;
				PRODUCT_NAME = "$(TARGET_NAME)";
				SWIFT_EMIT_LOC_STRINGS = NO;
				SWIFT_VERSION = 5.0;
				TARGETED_DEVICE_FAMILY = "1,2";
				TEST_TARGET_NAME = NewsApp;
			};
			name = Release;
		};
/* End XCBuildConfiguration section */

/* Begin XCConfigurationList section */
		8DE2382B280FD30C00D7B611 /* Build configuration list for PBXProject "NewsApp" */ = {
			isa = XCConfigurationList;
			buildConfigurations = (
				8DE23858280FD30D00D7B611 /* Debug */,
				8DE23859280FD30D00D7B611 /* Release */,
			);
			defaultConfigurationIsVisible = 0;
			defaultConfigurationName = Release;
		};
		8DE2385A280FD30D00D7B611 /* Build configuration list for PBXNativeTarget "NewsApp" */ = {
			isa = XCConfigurationList;
			buildConfigurations = (
				8DE2385B280FD30D00D7B611 /* Debug */,
				8DE2385C280FD30D00D7B611 /* Release */,
			);
			defaultConfigurationIsVisible = 0;
			defaultConfigurationName = Release;
		};
		8DE2385D280FD30D00D7B611 /* Build configuration list for PBXNativeTarget "NewsAppTests" */ = {
			isa = XCConfigurationList;
			buildConfigurations = (
				8DE2385E280FD30D00D7B611 /* Debug */,
				8DE2385F280FD30D00D7B611 /* Release */,
			);
			defaultConfigurationIsVisible = 0;
			defaultConfigurationName = Release;
		};
		8DE23860280FD30D00D7B611 /* Build configuration list for PBXNativeTarget "NewsAppUITests" */ = {
			isa = XCConfigurationList;
			buildConfigurations = (
				8DE23861280FD30D00D7B611 /* Debug */,
				8DE23862280FD30D00D7B611 /* Release */,
			);
			defaultConfigurationIsVisible = 0;
			defaultConfigurationName = Release;
		};
/* End XCConfigurationList section */
	};
	rootObject = 8DE23828280FD30C00D7B611 /* Project object */;
}
